
Microsoft Visual Studio Solution File, Format Version 12.00
# Visual Studio Version 16
VisualStudioVersion = 16.0.30114.105
MinimumVisualStudioVersion = 10.0.40219.1
Project("{FAE04EC0-301F-11D3-BF4B-00C04F79EFBC}") = "PaymentContext.Domain", "PaymentContext.Domain\PaymentContext.Domain.csproj", "{8E1EBCDB-63BE-4469-A907-33A691D189BB}"
EndProject
Project("{FAE04EC0-301F-11D3-BF4B-00C04F79EFBC}") = "PaymentContext.Shared", "PaymentContext.Shared\PaymentContext.Shared.csproj", "{7A46A6C1-3399-4F34-B5DB-0F04F10C7D97}"
EndProject
Project("{FAE04EC0-301F-11D3-BF4B-00C04F79EFBC}") = "PaymentContext.Tests", "PaymentContext.Tests\PaymentContext.Tests.csproj", "{C2A5D2EB-C0AE-49A1-95D7-0323BCCB32AF}"
EndProject
Global
	GlobalSection(SolutionConfigurationPlatforms) = preSolution
		Debug|Any CPU = Debug|Any CPU
		Release|Any CPU = Release|Any CPU
	EndGlobalSection
	GlobalSection(SolutionProperties) = preSolution
		HideSolutionNode = FALSE
	EndGlobalSection
	GlobalSection(ProjectConfigurationPlatforms) = postSolution
		{8E1EBCDB-63BE-4469-A907-33A691D189BB}.Debug|Any CPU.ActiveCfg = Debug|Any CPU
		{8E1EBCDB-63BE-4469-A907-33A691D189BB}.Debug|Any CPU.Build.0 = Debug|Any CPU
		{8E1EBCDB-63BE-4469-A907-33A691D189BB}.Release|Any CPU.ActiveCfg = Release|Any CPU
		{8E1EBCDB-63BE-4469-A907-33A691D189BB}.Release|Any CPU.Build.0 = Release|Any CPU
		{7A46A6C1-3399-4F34-B5DB-0F04F10C7D97}.Debug|Any CPU.ActiveCfg = Debug|Any CPU
		{7A46A6C1-3399-4F34-B5DB-0F04F10C7D97}.Debug|Any CPU.Build.0 = Debug|Any CPU
		{7A46A6C1-3399-4F34-B5DB-0F04F10C7D97}.Release|Any CPU.ActiveCfg = Release|Any CPU
		{7A46A6C1-3399-4F34-B5DB-0F04F10C7D97}.Release|Any CPU.Build.0 = Release|Any CPU
		{C2A5D2EB-C0AE-49A1-95D7-0323BCCB32AF}.Debug|Any CPU.ActiveCfg = Debug|Any CPU
		{C2A5D2EB-C0AE-49A1-95D7-0323BCCB32AF}.Debug|Any CPU.Build.0 = Debug|Any CPU
		{C2A5D2EB-C0AE-49A1-95D7-0323BCCB32AF}.Release|Any CPU.ActiveCfg = Release|Any CPU
		{C2A5D2EB-C0AE-49A1-95D7-0323BCCB32AF}.Release|Any CPU.Build.0 = Release|Any CPU
	EndGlobalSection
EndGlobal
